
Microsoft Visual Studio Solution File, Format Version 12.00
# Visual Studio Version 17
VisualStudioVersion = 17.11.35303.130
MinimumVisualStudioVersion = 10.0.40219.1
Project("{FAE04EC0-301F-11D3-BF4B-00C04F79EFBC}") = "Practis rub", "Practis rub\Practis rub.csproj", "{6C8D5074-B858-498C-8CF6-0CC9CA00081E}"
EndProject
Global
	GlobalSection(SolutionConfigurationPlatforms) = preSolution
		Debug|Any CPU = Debug|Any CPU
		Release|Any CPU = Release|Any CPU
	EndGlobalSection
	GlobalSection(ProjectConfigurationPlatforms) = postSolution
		{6C8D5074-B858-498C-8CF6-0CC9CA00081E}.Debug|Any CPU.ActiveCfg = Debug|Any CPU
		{6C8D5074-B858-498C-8CF6-0CC9CA00081E}.Debug|Any CPU.Build.0 = Debug|Any CPU
		{6C8D5074-B858-498C-8CF6-0CC9CA00081E}.Release|Any CPU.ActiveCfg = Release|Any CPU
		{6C8D5074-B858-498C-8CF6-0CC9CA00081E}.Release|Any CPU.Build.0 = Release|Any CPU
	EndGlobalSection
	GlobalSection(SolutionProperties) = preSolution
		HideSolutionNode = FALSE
	EndGlobalSection
	GlobalSection(ExtensibilityGlobals) = postSolution
		SolutionGuid = {9AC8C816-B727-43A2-AFF8-5AD8CADD051D}
	EndGlobalSection
EndGlobal
